
Microsoft Visual Studio Solution File, Format Version 12.00
# Visual Studio Version 17
VisualStudioVersion = 17.11.35312.102
MinimumVisualStudioVersion = 10.0.40219.1
Project("{9A19103F-16F7-4668-BE54-9A1E7A4F7556}") = "AVALORA.Web", "AVALORA.Web\AVALORA.Web.csproj", "{A6DF4653-8192-466F-A345-54315EEC7B27}"
EndProject
Project("{2150E333-8FDC-42A3-9474-1A3956D46DE8}") = "src", "src", "{55375C69-6606-4406-940C-24431F4C1DFC}"
EndProject
Project("{9A19103F-16F7-4668-BE54-9A1E7A4F7556}") = "AVALORA.Core", "AVALORA.Core\AVALORA.Core.csproj", "{87A71A40-D2AF-423C-BF83-EA47EBE32F0F}"
EndProject
Project("{9A19103F-16F7-4668-BE54-9A1E7A4F7556}") = "AVALORA.Infrastructure", "AVALORA.Infrastructure\AVALORA.Infrastructure.csproj", "{91EC41C0-4457-4FAF-A942-1D2ABAE85716}"
EndProject
Project("{2150E333-8FDC-42A3-9474-1A3956D46DE8}") = "tests", "tests", "{9E6776B5-6819-47A9-840E-59226B6435E3}"
EndProject
Project("{9A19103F-16F7-4668-BE54-9A1E7A4F7556}") = "AVALORA.ServiceTests", "..\tests\AVALORA.ServiceTests\AVALORA.ServiceTests.csproj", "{F5203A98-8971-47A1-93E9-BE0206A2F69D}"
EndProject
Global
	GlobalSection(SolutionConfigurationPlatforms) = preSolution
		Debug|Any CPU = Debug|Any CPU
		Release|Any CPU = Release|Any CPU
	EndGlobalSection
	GlobalSection(ProjectConfigurationPlatforms) = postSolution
		{A6DF4653-8192-466F-A345-54315EEC7B27}.Debug|Any CPU.ActiveCfg = Debug|Any CPU
		{A6DF4653-8192-466F-A345-54315EEC7B27}.Debug|Any CPU.Build.0 = Debug|Any CPU
		{A6DF4653-8192-466F-A345-54315EEC7B27}.Release|Any CPU.ActiveCfg = Release|Any CPU
		{A6DF4653-8192-466F-A345-54315EEC7B27}.Release|Any CPU.Build.0 = Release|Any CPU
		{87A71A40-D2AF-423C-BF83-EA47EBE32F0F}.Debug|Any CPU.ActiveCfg = Debug|Any CPU
		{87A71A40-D2AF-423C-BF83-EA47EBE32F0F}.Debug|Any CPU.Build.0 = Debug|Any CPU
		{87A71A40-D2AF-423C-BF83-EA47EBE32F0F}.Release|Any CPU.ActiveCfg = Release|Any CPU
		{87A71A40-D2AF-423C-BF83-EA47EBE32F0F}.Release|Any CPU.Build.0 = Release|Any CPU
		{91EC41C0-4457-4FAF-A942-1D2ABAE85716}.Debug|Any CPU.ActiveCfg = Debug|Any CPU
		{91EC41C0-4457-4FAF-A942-1D2ABAE85716}.Debug|Any CPU.Build.0 = Debug|Any CPU
		{91EC41C0-4457-4FAF-A942-1D2ABAE85716}.Release|Any CPU.ActiveCfg = Release|Any CPU
		{91EC41C0-4457-4FAF-A942-1D2ABAE85716}.Release|Any CPU.Build.0 = Release|Any CPU
		{F5203A98-8971-47A1-93E9-BE0206A2F69D}.Debug|Any CPU.ActiveCfg = Debug|Any CPU
		{F5203A98-8971-47A1-93E9-BE0206A2F69D}.Debug|Any CPU.Build.0 = Debug|Any CPU
		{F5203A98-8971-47A1-93E9-BE0206A2F69D}.Release|Any CPU.ActiveCfg = Release|Any CPU
		{F5203A98-8971-47A1-93E9-BE0206A2F69D}.Release|Any CPU.Build.0 = Release|Any CPU
	EndGlobalSection
	GlobalSection(SolutionProperties) = preSolution
		HideSolutionNode = FALSE
	EndGlobalSection
	GlobalSection(NestedProjects) = preSolution
		{A6DF4653-8192-466F-A345-54315EEC7B27} = {55375C69-6606-4406-940C-24431F4C1DFC}
		{87A71A40-D2AF-423C-BF83-EA47EBE32F0F} = {55375C69-6606-4406-940C-24431F4C1DFC}
		{91EC41C0-4457-4FAF-A942-1D2ABAE85716} = {55375C69-6606-4406-940C-24431F4C1DFC}
		{F5203A98-8971-47A1-93E9-BE0206A2F69D} = {9E6776B5-6819-47A9-840E-59226B6435E3}
	EndGlobalSection
	GlobalSection(ExtensibilityGlobals) = postSolution
		SolutionGuid = {E35478E9-64A0-4E60-A045-DD019469F79D}
	EndGlobalSection
EndGlobal
